
Microsoft Visual Studio Solution File, Format Version 12.00
Project("{FAE04EC0-301F-11D3-BF4B-00C04F79EFBC}") = "NetCoreLanguageDetection", "NetCoreLanguageDetection\NetCoreLanguageDetection.csproj", "{476BC406-3901-463F-92A4-DAD2434243B3}"
EndProject
Global
	GlobalSection(SolutionConfigurationPlatforms) = preSolution
		Debug|Any CPU = Debug|Any CPU
		Release|Any CPU = Release|Any CPU
	EndGlobalSection
	GlobalSection(ProjectConfigurationPlatforms) = postSolution
		{476BC406-3901-463F-92A4-DAD2434243B3}.Debug|Any CPU.ActiveCfg = Debug|Any CPU
		{476BC406-3901-463F-92A4-DAD2434243B3}.Debug|Any CPU.Build.0 = Debug|Any CPU
		{476BC406-3901-463F-92A4-DAD2434243B3}.Release|Any CPU.ActiveCfg = Release|Any CPU
		{476BC406-3901-463F-92A4-DAD2434243B3}.Release|Any CPU.Build.0 = Release|Any CPU
	EndGlobalSection
EndGlobal
